// !$*UTF8*$!
{
	archiveVersion = 1;
	classes = {
	};
	objectVersion = 46;
	objects = {

/* Begin PBXBuildFile section */
		38E9C4B815BE588100BCAD96 /* UIKit.framework in Frameworks */ = {isa = PBXBuildFile; fileRef = 38E9C4B715BE588100BCAD96 /* UIKit.framework */; };
		38E9C4BA15BE588100BCAD96 /* Foundation.framework in Frameworks */ = {isa = PBXBuildFile; fileRef = 38E9C4B915BE588100BCAD96 /* Foundation.framework */; };
		38E9C4BC15BE588100BCAD96 /* CoreGraphics.framework in Frameworks */ = {isa = PBXBuildFile; fileRef = 38E9C4BB15BE588100BCAD96 /* CoreGraphics.framework */; };
		38E9C4C215BE588100BCAD96 /* InfoPlist.strings in Resources */ = {isa = PBXBuildFile; fileRef = 38E9C4C015BE588100BCAD96 /* InfoPlist.strings */; };
		38E9C4C415BE588100BCAD96 /* main.m in Sources */ = {isa = PBXBuildFile; fileRef = 38E9C4C315BE588100BCAD96 /* main.m */; };
		38E9C4C815BE588100BCAD96 /* KTAppDelegate.m in Sources */ = {isa = PBXBuildFile; fileRef = 38E9C4C715BE588100BCAD96 /* KTAppDelegate.m */; };
		38E9C4CB15BE588100BCAD96 /* MainStoryboard.storyboard in Resources */ = {isa = PBXBuildFile; fileRef = 38E9C4C915BE588100BCAD96 /* MainStoryboard.storyboard */; };
		38E9C4CE15BE588100BCAD96 /* KTViewController.m in Sources */ = {isa = PBXBuildFile; fileRef = 38E9C4CD15BE588100BCAD96 /* KTViewController.m */; };
		38E9C4D615BE593300BCAD96 /* KTMenuTalbeViewController.m in Sources */ = {isa = PBXBuildFile; fileRef = 38E9C4D515BE593300BCAD96 /* KTMenuTalbeViewController.m */; };
/* End PBXBuildFile section */

/* Begin PBXFileReference section */
		38E9C4B315BE588100BCAD96 /* KTSlideMenuController.app */ = {isa = PBXFileReference; explicitFileType = wrapper.application; includeInIndex = 0; path = KTSlideMenuController.app; sourceTree = BUILT_PRODUCTS_DIR; };
		38E9C4B715BE588100BCAD96 /* UIKit.framework */ = {isa = PBXFileReference; lastKnownFileType = wrapper.framework; name = UIKit.framework; path = System/Library/Frameworks/UIKit.framework; sourceTree = SDKROOT; };
		38E9C4B915BE588100BCAD96 /* Foundation.framework */ = {isa = PBXFileReference; lastKnownFileType = wrapper.framework; name = Foundation.framework; path = System/Library/Frameworks/Foundation.framework; sourceTree = SDKROOT; };
		38E9C4BB15BE588100BCAD96 /* CoreGraphics.framework */ = {isa = PBXFileReference; lastKnownFileType = wrapper.framework; name = CoreGraphics.framework; path = System/Library/Frameworks/CoreGraphics.framework; sourceTree = SDKROOT; };
		38E9C4BF15BE588100BCAD96 /* KTSlideMenuController-Info.plist */ = {isa = PBXFileReference; lastKnownFileType = text.plist.xml; path = "KTSlideMenuController-Info.plist"; sourceTree = "<group>"; };
		38E9C4C115BE588100BCAD96 /* en */ = {isa = PBXFileReference; lastKnownFileType = text.plist.strings; name = en; path = en.lproj/InfoPlist.strings; sourceTree = "<group>"; };
		38E9C4C315BE588100BCAD96 /* main.m */ = {isa = PBXFileReference; lastKnownFileType = sourcecode.c.objc; path = main.m; sourceTree = "<group>"; };
		38E9C4C515BE588100BCAD96 /* KTSlideMenuController-Prefix.pch */ = {isa = PBXFileReference; lastKnownFileType = sourcecode.c.h; path = "KTSlideMenuController-Prefix.pch"; sourceTree = "<group>"; };
		38E9C4C615BE588100BCAD96 /* KTAppDelegate.h */ = {isa = PBXFileReference; lastKnownFileType = sourcecode.c.h; path = KTAppDelegate.h; sourceTree = "<group>"; };
		38E9C4C715BE588100BCAD96 /* KTAppDelegate.m */ = {isa = PBXFileReference; lastKnownFileType = sourcecode.c.objc; path = KTAppDelegate.m; sourceTree = "<group>"; };
		38E9C4CA15BE588100BCAD96 /* en */ = {isa = PBXFileReference; lastKnownFileType = file.storyboard; name = en; path = en.lproj/MainStoryboard.storyboard; sourceTree = "<group>"; };
		38E9C4CC15BE588100BCAD96 /* KTViewController.h */ = {isa = PBXFileReference; lastKnownFileType = sourcecode.c.h; path = KTViewController.h; sourceTree = "<group>"; };
		38E9C4CD15BE588100BCAD96 /* KTViewController.m */ = {isa = PBXFileReference; lastKnownFileType = sourcecode.c.objc; path = KTViewController.m; sourceTree = "<group>"; };
		38E9C4D415BE593300BCAD96 /* KTMenuTalbeViewController.h */ = {isa = PBXFileReference; fileEncoding = 4; lastKnownFileType = sourcecode.c.h; path = KTMenuTalbeViewController.h; sourceTree = "<group>"; };
		38E9C4D515BE593300BCAD96 /* KTMenuTalbeViewController.m */ = {isa = PBXFileReference; fileEncoding = 4; lastKnownFileType = sourcecode.c.objc; path = KTMenuTalbeViewController.m; sourceTree = "<group>"; };
/* End PBXFileReference section */

/* Begin PBXFrameworksBuildPhase section */
		38E9C4B015BE588100BCAD96 /* Frameworks */ = {
			isa = PBXFrameworksBuildPhase;
			buildActionMask = 2147483647;
			files = (
				38E9C4B815BE588100BCAD96 /* UIKit.framework in Frameworks */,
				38E9C4BA15BE588100BCAD96 /* Foundation.framework in Frameworks */,
				38E9C4BC15BE588100BCAD96 /* CoreGraphics.framework in Frameworks */,
			);
			runOnlyForDeploymentPostprocessing = 0;
		};
/* End PBXFrameworksBuildPhase section */

/* Begin PBXGroup section */
		38E9C4A815BE588100BCAD96 = {
			isa = PBXGroup;
			children = (
				38E9C4BD15BE588100BCAD96 /* KTSlideMenuController */,
				38E9C4B615BE588100BCAD96 /* Frameworks */,
				38E9C4B415BE588100BCAD96 /* Products */,
			);
			sourceTree = "<group>";
		};
		38E9C4B415BE588100BCAD96 /* Products */ = {
			isa = PBXGroup;
			children = (
				38E9C4B315BE588100BCAD96 /* KTSlideMenuController.app */,
			);
			name = Products;
			sourceTree = "<group>";
		};
		38E9C4B615BE588100BCAD96 /* Frameworks */ = {
			isa = PBXGroup;
			children = (
				38E9C4B715BE588100BCAD96 /* UIKit.framework */,
				38E9C4B915BE588100BCAD96 /* Foundation.framework */,
				38E9C4BB15BE588100BCAD96 /* CoreGraphics.framework */,
			);
			name = Frameworks;
			sourceTree = "<group>";
		};
		38E9C4BD15BE588100BCAD96 /* KTSlideMenuController */ = {
			isa = PBXGroup;
			children = (
				38E9C4C615BE588100BCAD96 /* KTAppDelegate.h */,
				38E9C4C715BE588100BCAD96 /* KTAppDelegate.m */,
				38E9C4C915BE588100BCAD96 /* MainStoryboard.storyboard */,
				38E9C4CC15BE588100BCAD96 /* KTViewController.h */,
				38E9C4CD15BE588100BCAD96 /* KTViewController.m */,
				38E9C4D415BE593300BCAD96 /* KTMenuTalbeViewController.h */,
				38E9C4D515BE593300BCAD96 /* KTMenuTalbeViewController.m */,
				38E9C4BE15BE588100BCAD96 /* Supporting Files */,
			);
			path = KTSlideMenuController;
			sourceTree = "<group>";
		};
		38E9C4BE15BE588100BCAD96 /* Supporting Files */ = {
			isa = PBXGroup;
			children = (
				38E9C4BF15BE588100BCAD96 /* KTSlideMenuController-Info.plist */,
				38E9C4C015BE588100BCAD96 /* InfoPlist.strings */,
				38E9C4C315BE588100BCAD96 /* main.m */,
				38E9C4C515BE588100BCAD96 /* KTSlideMenuController-Prefix.pch */,
			);
			name = "Supporting Files";
			sourceTree = "<group>";
		};
/* End PBXGroup section */

/* Begin PBXNativeTarget section */
		38E9C4B215BE588100BCAD96 /* KTSlideMenuController */ = {
			isa = PBXNativeTarget;
			buildConfigurationList = 38E9C4D115BE588100BCAD96 /* Build configuration list for PBXNativeTarget "KTSlideMenuController" */;
			buildPhases = (
				38E9C4AF15BE588100BCAD96 /* Sources */,
				38E9C4B015BE588100BCAD96 /* Frameworks */,
				38E9C4B115BE588100BCAD96 /* Resources */,
			);
			buildRules = (
			);
			dependencies = (
			);
			name = KTSlideMenuController;
			productName = KTSlideMenuController;
			productReference = 38E9C4B315BE588100BCAD96 /* KTSlideMenuController.app */;
			productType = "com.apple.product-type.application";
		};
/* End PBXNativeTarget section */

/* Begin PBXProject section */
		38E9C4AA15BE588100BCAD96 /* Project object */ = {
			isa = PBXProject;
			attributes = {
				CLASSPREFIX = KT;
				LastUpgradeCheck = 0430;
				ORGANIZATIONNAME = "Koya Tamura";
			};
			buildConfigurationList = 38E9C4AD15BE588100BCAD96 /* Build configuration list for PBXProject "KTSlideMenuController" */;
			compatibilityVersion = "Xcode 3.2";
			developmentRegion = English;
			hasScannedForEncodings = 0;
			knownRegions = (
				en,
			);
			mainGroup = 38E9C4A815BE588100BCAD96;
			productRefGroup = 38E9C4B415BE588100BCAD96 /* Products */;
			projectDirPath = "";
			projectRoot = "";
			targets = (
				38E9C4B215BE588100BCAD96 /* KTSlideMenuController */,
			);
		};
/* End PBXProject section */

/* Begin PBXResourcesBuildPhase section */
		38E9C4B115BE588100BCAD96 /* Resources */ = {
			isa = PBXResourcesBuildPhase;
			buildActionMask = 2147483647;
			files = (
				38E9C4C215BE588100BCAD96 /* InfoPlist.strings in Resources */,
				38E9C4CB15BE588100BCAD96 /* MainStoryboard.storyboard in Resources */,
			);
			runOnlyForDeploymentPostprocessing = 0;
		};
/* End PBXResourcesBuildPhase section */

/* Begin PBXSourcesBuildPhase section */
		38E9C4AF15BE588100BCAD96 /* Sources */ = {
			isa = PBXSourcesBuildPhase;
			buildActionMask = 2147483647;
			files = (
				38E9C4C415BE588100BCAD96 /* main.m in Sources */,
				38E9C4C815BE588100BCAD96 /* KTAppDelegate.m in Sources */,
				38E9C4CE15BE588100BCAD96 /* KTViewController.m in Sources */,
				38E9C4D615BE593300BCAD96 /* KTMenuTalbeViewController.m in Sources */,
			);
			runOnlyForDeploymentPostprocessing = 0;
		};
/* End PBXSourcesBuildPhase section */

/* Begin PBXVariantGroup section */
		38E9C4C015BE588100BCAD96 /* InfoPlist.strings */ = {
			isa = PBXVariantGroup;
			children = (
				38E9C4C115BE588100BCAD96 /* en */,
			);
			name = InfoPlist.strings;
			sourceTree = "<group>";
		};
		38E9C4C915BE588100BCAD96 /* MainStoryboard.storyboard */ = {
			isa = PBXVariantGroup;
			children = (
				38E9C4CA15BE588100BCAD96 /* en */,
			);
			name = MainStoryboard.storyboard;
			sourceTree = "<group>";
		};
/* End PBXVariantGroup section */

/* Begin XCBuildConfiguration section */
		38E9C4CF15BE588100BCAD96 /* Debug */ = {
			isa = XCBuildConfiguration;
			buildSettings = {
				ALWAYS_SEARCH_USER_PATHS = NO;
				ARCHS = "$(ARCHS_STANDARD_32_BIT)";
				CLANG_ENABLE_OBJC_ARC = YES;
				"CODE_SIGN_IDENTITY[sdk=iphoneos*]" = "iPhone Developer";
				COPY_PHASE_STRIP = NO;
				GCC_C_LANGUAGE_STANDARD = gnu99;
				GCC_DYNAMIC_NO_PIC = NO;
				GCC_OPTIMIZATION_LEVEL = 0;
				GCC_PREPROCESSOR_DEFINITIONS = (
					"DEBUG=1",
					"$(inherited)",
				);
				GCC_SYMBOLS_PRIVATE_EXTERN = NO;
				GCC_VERSION = com.apple.compilers.llvm.clang.1_0;
				GCC_WARN_ABOUT_RETURN_TYPE = YES;
				GCC_WARN_UNINITIALIZED_AUTOS = YES;
				GCC_WARN_UNUSED_VARIABLE = YES;
				IPHONEOS_DEPLOYMENT_TARGET = 5.1;
				SDKROOT = iphoneos;
			};
			name = Debug;
		};
		38E9C4D015BE588100BCAD96 /* Release */ = {
			isa = XCBuildConfiguration;
			buildSettings = {
				ALWAYS_SEARCH_USER_PATHS = NO;
				ARCHS = "$(ARCHS_STANDARD_32_BIT)";
				CLANG_ENABLE_OBJC_ARC = YES;
				"CODE_SIGN_IDENTITY[sdk=iphoneos*]" = "iPhone Developer";
				COPY_PHASE_STRIP = YES;
				GCC_C_LANGUAGE_STANDARD = gnu99;
				GCC_VERSION = com.apple.compilers.llvm.clang.1_0;
				GCC_WARN_ABOUT_RETURN_TYPE = YES;
				GCC_WARN_UNINITIALIZED_AUTOS = YES;
				GCC_WARN_UNUSED_VARIABLE = YES;
				IPHONEOS_DEPLOYMENT_TARGET = 5.1;
				OTHER_CFLAGS = "-DNS_BLOCK_ASSERTIONS=1";
				SDKROOT = iphoneos;
				VALIDATE_PRODUCT = YES;
			};
			name = Release;
		};
		38E9C4D215BE588100BCAD96 /* Debug */ = {
			isa = XCBuildConfiguration;
			buildSettings = {
				GCC_PRECOMPILE_PREFIX_HEADER = YES;
				GCC_PREFIX_HEADER = "KTSlideMenuController/KTSlideMenuController-Prefix.pch";
				INFOPLIST_FILE = "KTSlideMenuController/KTSlideMenuController-Info.plist";
				PRODUCT_NAME = "$(TARGET_NAME)";
				WRAPPER_EXTENSION = app;
			};
			name = Debug;
		};
		38E9C4D315BE588100BCAD96 /* Release */ = {
			isa = XCBuildConfiguration;
			buildSettings = {
				GCC_PRECOMPILE_PREFIX_HEADER = YES;
				GCC_PREFIX_HEADER = "KTSlideMenuController/KTSlideMenuController-Prefix.pch";
				INFOPLIST_FILE = "KTSlideMenuController/KTSlideMenuController-Info.plist";
				PRODUCT_NAME = "$(TARGET_NAME)";
				WRAPPER_EXTENSION = app;
			};
			name = Release;
		};
/* End XCBuildConfiguration section */

/* Begin XCConfigurationList section */
		38E9C4AD15BE588100BCAD96 /* Build configuration list for PBXProject "KTSlideMenuController" */ = {
			isa = XCConfigurationList;
			buildConfigurations = (
				38E9C4CF15BE588100BCAD96 /* Debug */,
				38E9C4D015BE588100BCAD96 /* Release */,
			);
			defaultConfigurationIsVisible = 0;
			defaultConfigurationName = Release;
		};
		38E9C4D115BE588100BCAD96 /* Build configuration list for PBXNativeTarget "KTSlideMenuController" */ = {
			isa = XCConfigurationList;
			buildConfigurations = (
				38E9C4D215BE588100BCAD96 /* Debug */,
				38E9C4D315BE588100BCAD96 /* Release */,
			);
			defaultConfigurationIsVisible = 0;
			defaultConfigurationName = Release;
		};
/* End XCConfigurationList section */
	};
	rootObject = 38E9C4AA15BE588100BCAD96 /* Project object */;
}
